// !$*UTF8*$!
{
	archiveVersion = 1;
	classes = {
	};
	objectVersion = 56;
	objects = {

/* Begin PBXBuildFile section */
		24D84091A86090DD910327BB /* Pods_LZStudyingProject.framework in Frameworks */ = {isa = PBXBuildFile; fileRef = 5461A02D055AB1E163E147E2 /* Pods_LZStudyingProject.framework */; };
		56CBDFF36EA2C73E0DCD9C24 /* Pods_LZStudyingProject_LZStudyingProjectUITests.framework in Frameworks */ = {isa = PBXBuildFile; fileRef = 9D54E5E885E6E7ED077259A6 /* Pods_LZStudyingProject_LZStudyingProjectUITests.framework */; };
		99DF09B4BEAFBFE1A76A2A0C /* Pods_LZStudyingProjectTests.framework in Frameworks */ = {isa = PBXBuildFile; fileRef = DAA3C2BBB47E31A2D82BD541 /* Pods_LZStudyingProjectTests.framework */; };
		A8626EEE2A3FFE1A0089A1EC /* Music.swift in Sources */ = {isa = PBXBuildFile; fileRef = A8626EED2A3FFE1A0089A1EC /* Music.swift */; };
		A8626EF02A4001350089A1EC /* AnimeInfo.swift in Sources */ = {isa = PBXBuildFile; fileRef = A8626EEF2A4001350089A1EC /* AnimeInfo.swift */; };
		A8626EF22A404DCD0089A1EC /* LZMusicRequest.swift in Sources */ = {isa = PBXBuildFile; fileRef = A8626EF12A404DCD0089A1EC /* LZMusicRequest.swift */; };
		A8626EF42A404E2B0089A1EC /* LZMusicCell.swift in Sources */ = {isa = PBXBuildFile; fileRef = A8626EF32A404E2B0089A1EC /* LZMusicCell.swift */; };
		A87EB1292A3AEAA5002D5B6C /* LZLocationManager.swift in Sources */ = {isa = PBXBuildFile; fileRef = A87EB1282A3AEAA5002D5B6C /* LZLocationManager.swift */; };
		A87EB1362A3AEB08002D5B6C /* LZExpressRequest.swift in Sources */ = {isa = PBXBuildFile; fileRef = A87EB12C2A3AEB07002D5B6C /* LZExpressRequest.swift */; };
		A87EB1372A3AEB08002D5B6C /* LZCommodityRequest.swift in Sources */ = {isa = PBXBuildFile; fileRef = A87EB12D2A3AEB07002D5B6C /* LZCommodityRequest.swift */; };
		A87EB1392A3AEB08002D5B6C /* LZAddressRequest.swift in Sources */ = {isa = PBXBuildFile; fileRef = A87EB12F2A3AEB07002D5B6C /* LZAddressRequest.swift */; };
		A87EB13A2A3AEB08002D5B6C /* LZGDAddressRequest.swift in Sources */ = {isa = PBXBuildFile; fileRef = A87EB1302A3AEB08002D5B6C /* LZGDAddressRequest.swift */; };
		A87EB13B2A3AEB08002D5B6C /* LZOrderRequest.swift in Sources */ = {isa = PBXBuildFile; fileRef = A87EB1312A3AEB08002D5B6C /* LZOrderRequest.swift */; };
		A87EB13C2A3AEB08002D5B6C /* LZNetWork.swift in Sources */ = {isa = PBXBuildFile; fileRef = A87EB1322A3AEB08002D5B6C /* LZNetWork.swift */; };
		A87EB13D2A3AEB08002D5B6C /* LZPlayerRequest.swift in Sources */ = {isa = PBXBuildFile; fileRef = A87EB1332A3AEB08002D5B6C /* LZPlayerRequest.swift */; };
		A87EB1412A3AEBDE002D5B6C /* ToastNotification.swift in Sources */ = {isa = PBXBuildFile; fileRef = A87EB1402A3AEBDE002D5B6C /* ToastNotification.swift */; };
		A87EB1432A3AEC01002D5B6C /* LZMusicViewController.swift in Sources */ = {isa = PBXBuildFile; fileRef = A87EB1422A3AEC01002D5B6C /* LZMusicViewController.swift */; };
		A87EB1452A3AECA8002D5B6C /* UIStandard.swift in Sources */ = {isa = PBXBuildFile; fileRef = A87EB1442A3AECA8002D5B6C /* UIStandard.swift */; };
		A87EB1472A3AEDCD002D5B6C /* LZEventView.swift in Sources */ = {isa = PBXBuildFile; fileRef = A87EB1462A3AEDCD002D5B6C /* LZEventView.swift */; };
		A87EB1492A3B0A84002D5B6C /* loginViewVideo.mov in Resources */ = {isa = PBXBuildFile; fileRef = A87EB1482A3B0A84002D5B6C /* loginViewVideo.mov */; };
		A87EB1592A3B11C9002D5B6C /* ComPoint.swift in Sources */ = {isa = PBXBuildFile; fileRef = A87EB1582A3B11C9002D5B6C /* ComPoint.swift */; };
		A8C4E8A02A3AC1E6001A53D6 /* LZSys.swift in Sources */ = {isa = PBXBuildFile; fileRef = A8C4E89F2A3AC1E6001A53D6 /* LZSys.swift */; };
		A8C4E8A82A3AC240001A53D6 /* LZSettingTableViewCell.swift in Sources */ = {isa = PBXBuildFile; fileRef = A8C4E8A12A3AC23F001A53D6 /* LZSettingTableViewCell.swift */; };
		A8C4E8A92A3AC240001A53D6 /* LZSettingViewController.swift in Sources */ = {isa = PBXBuildFile; fileRef = A8C4E8A22A3AC240001A53D6 /* LZSettingViewController.swift */; };
		A8C4E8AA2A3AC240001A53D6 /* LZSettingSelectionViewController.swift in Sources */ = {isa = PBXBuildFile; fileRef = A8C4E8A32A3AC240001A53D6 /* LZSettingSelectionViewController.swift */; };
		A8C4E8AB2A3AC240001A53D6 /* LZSettingIconCell.swift in Sources */ = {isa = PBXBuildFile; fileRef = A8C4E8A42A3AC240001A53D6 /* LZSettingIconCell.swift */; };
		A8C4E8AC2A3AC240001A53D6 /* LZSettingUserIconCell.swift in Sources */ = {isa = PBXBuildFile; fileRef = A8C4E8A52A3AC240001A53D6 /* LZSettingUserIconCell.swift */; };
		A8C4E8AD2A3AC240001A53D6 /* LZSettingSelectionCell.swift in Sources */ = {isa = PBXBuildFile; fileRef = A8C4E8A62A3AC240001A53D6 /* LZSettingSelectionCell.swift */; };
		A8C4E8AE2A3AC240001A53D6 /* LZSettingInfoViewController.swift in Sources */ = {isa = PBXBuildFile; fileRef = A8C4E8A72A3AC240001A53D6 /* LZSettingInfoViewController.swift */; };
		A8C4E8B32A3AC505001A53D6 /* LZSignUpViewController.swift in Sources */ = {isa = PBXBuildFile; fileRef = A8C4E8AF2A3AC505001A53D6 /* LZSignUpViewController.swift */; };
		A8C4E8B42A3AC505001A53D6 /* LZSignInBtn.swift in Sources */ = {isa = PBXBuildFile; fileRef = A8C4E8B02A3AC505001A53D6 /* LZSignInBtn.swift */; };
		A8C4E8B52A3AC505001A53D6 /* LZResetPasswordViewController.swift in Sources */ = {isa = PBXBuildFile; fileRef = A8C4E8B12A3AC505001A53D6 /* LZResetPasswordViewController.swift */; };
		A8C4E8B62A3AC505001A53D6 /* LZSignInViewController.swift in Sources */ = {isa = PBXBuildFile; fileRef = A8C4E8B22A3AC505001A53D6 /* LZSignInViewController.swift */; };
		A8C4E8BE2A3AD331001A53D6 /* LZUser.swift in Sources */ = {isa = PBXBuildFile; fileRef = A8C4E8BD2A3AD331001A53D6 /* LZUser.swift */; };
		A8C4E8C02A3AD389001A53D6 /* User.swift in Sources */ = {isa = PBXBuildFile; fileRef = A8C4E8BF2A3AD389001A53D6 /* User.swift */; };
		A8C4E8C72A3AD679001A53D6 /* Bill.swift in Sources */ = {isa = PBXBuildFile; fileRef = A8C4E8C12A3AD679001A53D6 /* Bill.swift */; };
		A8C4E8C82A3AD679001A53D6 /* Order.swift in Sources */ = {isa = PBXBuildFile; fileRef = A8C4E8C22A3AD679001A53D6 /* Order.swift */; };
		A8C4E8C92A3AD679001A53D6 /* Address.swift in Sources */ = {isa = PBXBuildFile; fileRef = A8C4E8C32A3AD679001A53D6 /* Address.swift */; };
		A8C4E8CA2A3AD679001A53D6 /* Option.swift in Sources */ = {isa = PBXBuildFile; fileRef = A8C4E8C42A3AD679001A53D6 /* Option.swift */; };
		A8C4E8CB2A3AD679001A53D6 /* Player.swift in Sources */ = {isa = PBXBuildFile; fileRef = A8C4E8C52A3AD679001A53D6 /* Player.swift */; };
		A8C4E8CC2A3AD679001A53D6 /* Commodity.swift in Sources */ = {isa = PBXBuildFile; fileRef = A8C4E8C62A3AD679001A53D6 /* Commodity.swift */; };
		A8C4E8CE2A3AD728001A53D6 /* Sex.swift in Sources */ = {isa = PBXBuildFile; fileRef = A8C4E8CD2A3AD728001A53D6 /* Sex.swift */; };
		A8C4E8D32A3AD7A3001A53D6 /* LZUserOrdersViewController.swift in Sources */ = {isa = PBXBuildFile; fileRef = A8C4E8CF2A3AD7A2001A53D6 /* LZUserOrdersViewController.swift */; };
		A8C4E8D42A3AD7A3001A53D6 /* LZUserOrderTableView.swift in Sources */ = {isa = PBXBuildFile; fileRef = A8C4E8D02A3AD7A3001A53D6 /* LZUserOrderTableView.swift */; };
		A8C4E8D52A3AD7A3001A53D6 /* LZUserOrderCell.swift in Sources */ = {isa = PBXBuildFile; fileRef = A8C4E8D12A3AD7A3001A53D6 /* LZUserOrderCell.swift */; };
		A8C4E8DB2A3AD987001A53D6 /* CommodityState.swift in Sources */ = {isa = PBXBuildFile; fileRef = A8C4E8DA2A3AD987001A53D6 /* CommodityState.swift */; };
		A8C4E8DC2A3AD987001A53D6 /* ComCag.swift in Sources */ = {isa = PBXBuildFile; fileRef = A8C4E8D92A3AD987001A53D6 /* ComCag.swift */; };
		A8C4E8DE2A3AD9C0001A53D6 /* LZBillingView.swift in Sources */ = {isa = PBXBuildFile; fileRef = A8C4E8DD2A3AD9C0001A53D6 /* LZBillingView.swift */; };
		A8C4E8F72A3ADA83001A53D6 /* LZQuantitySelectorView.swift in Sources */ = {isa = PBXBuildFile; fileRef = A8C4E8DF2A3ADA82001A53D6 /* LZQuantitySelectorView.swift */; };
		A8C4E8F82A3ADA83001A53D6 /* LZShoppingCollectionView.swift in Sources */ = {isa = PBXBuildFile; fileRef = A8C4E8E02A3ADA82001A53D6 /* LZShoppingCollectionView.swift */; };
		A8C4E8F92A3ADA83001A53D6 /* LZComContentViewController.swift in Sources */ = {isa = PBXBuildFile; fileRef = A8C4E8E12A3ADA82001A53D6 /* LZComContentViewController.swift */; };
		A8C4E8FA2A3ADA83001A53D6 /* LZBillingViewController.swift in Sources */ = {isa = PBXBuildFile; fileRef = A8C4E8E22A3ADA83001A53D6 /* LZBillingViewController.swift */; };
		A8C4E8FB2A3ADA83001A53D6 /* LZShoppingViewController.swift in Sources */ = {isa = PBXBuildFile; fileRef = A8C4E8E32A3ADA83001A53D6 /* LZShoppingViewController.swift */; };
		A8C4E8FC2A3ADA83001A53D6 /* LZConfigSelectionViewController.swift in Sources */ = {isa = PBXBuildFile; fileRef = A8C4E8E42A3ADA83001A53D6 /* LZConfigSelectionViewController.swift */; };
		A8C4E8FD2A3ADA83001A53D6 /* LZAddressView.swift in Sources */ = {isa = PBXBuildFile; fileRef = A8C4E8E52A3ADA83001A53D6 /* LZAddressView.swift */; };
		A8C4E8FE2A3ADA83001A53D6 /* LZComBillingCell.swift in Sources */ = {isa = PBXBuildFile; fileRef = A8C4E8E62A3ADA83001A53D6 /* LZComBillingCell.swift */; };
		A8C4E8FF2A3ADA83001A53D6 /* LZComIntroContainerView.swift in Sources */ = {isa = PBXBuildFile; fileRef = A8C4E8E72A3ADA83001A53D6 /* LZComIntroContainerView.swift */; };
		A8C4E9002A3ADA83001A53D6 /* LZAddressEditingViewController.swift in Sources */ = {isa = PBXBuildFile; fileRef = A8C4E8E82A3ADA83001A53D6 /* LZAddressEditingViewController.swift */; };
		A8C4E9012A3ADA83001A53D6 /* LZBillTableViewController.swift in Sources */ = {isa = PBXBuildFile; fileRef = A8C4E8E92A3ADA83001A53D6 /* LZBillTableViewController.swift */; };
		A8C4E9022A3ADA83001A53D6 /* LZSelectionCollectionView.swift in Sources */ = {isa = PBXBuildFile; fileRef = A8C4E8EA2A3ADA83001A53D6 /* LZSelectionCollectionView.swift */; };
		A8C4E9032A3ADA83001A53D6 /* LZOrderDetailViewController.swift in Sources */ = {isa = PBXBuildFile; fileRef = A8C4E8EB2A3ADA83001A53D6 /* LZOrderDetailViewController.swift */; };
		A8C4E9042A3ADA83001A53D6 /* LZCommodityCell.swift in Sources */ = {isa = PBXBuildFile; fileRef = A8C4E8EC2A3ADA83001A53D6 /* LZCommodityCell.swift */; };
		A8C4E9052A3ADA83001A53D6 /* LZPaymentView.swift in Sources */ = {isa = PBXBuildFile; fileRef = A8C4E8ED2A3ADA83001A53D6 /* LZPaymentView.swift */; };
		A8C4E9062A3ADA83001A53D6 /* LZAddressManagementViewController.swift in Sources */ = {isa = PBXBuildFile; fileRef = A8C4E8EE2A3ADA83001A53D6 /* LZAddressManagementViewController.swift */; };
		A8C4E9072A3ADA83001A53D6 /* LZCagSelectionCell.swift in Sources */ = {isa = PBXBuildFile; fileRef = A8C4E8EF2A3ADA83001A53D6 /* LZCagSelectionCell.swift */; };
		A8C4E9082A3ADA83001A53D6 /* LZBillVCView.swift in Sources */ = {isa = PBXBuildFile; fileRef = A8C4E8F02A3ADA83001A53D6 /* LZBillVCView.swift */; };
		A8C4E9092A3ADA83001A53D6 /* LZComImagesView.swift in Sources */ = {isa = PBXBuildFile; fileRef = A8C4E8F12A3ADA83001A53D6 /* LZComImagesView.swift */; };
		A8C4E90A2A3ADA83001A53D6 /* LZCagCollectionViewLayout.swift in Sources */ = {isa = PBXBuildFile; fileRef = A8C4E8F22A3ADA83001A53D6 /* LZCagCollectionViewLayout.swift */; };
		A8C4E90B2A3ADA83001A53D6 /* LZAddressCell.swift in Sources */ = {isa = PBXBuildFile; fileRef = A8C4E8F32A3ADA83001A53D6 /* LZAddressCell.swift */; };
		A8C4E90C2A3ADA83001A53D6 /* LZDeliveryViewController.swift in Sources */ = {isa = PBXBuildFile; fileRef = A8C4E8F42A3ADA83001A53D6 /* LZDeliveryViewController.swift */; };
		A8C4E90D2A3ADA83001A53D6 /* LZFilterView.swift in Sources */ = {isa = PBXBuildFile; fileRef = A8C4E8F52A3ADA83001A53D6 /* LZFilterView.swift */; };
		A8C4E90E2A3ADA83001A53D6 /* LZFlowLayout.swift in Sources */ = {isa = PBXBuildFile; fileRef = A8C4E8F62A3ADA83001A53D6 /* LZFlowLayout.swift */; };
		A8C4E9122A3ADD97001A53D6 /* LZSettingKeys.swift in Sources */ = {isa = PBXBuildFile; fileRef = A8C4E9112A3ADD97001A53D6 /* LZSettingKeys.swift */; };
		A8C4E9212A3ADF10001A53D6 /* LZDataConvert.swift in Sources */ = {isa = PBXBuildFile; fileRef = A8C4E9202A3ADF10001A53D6 /* LZDataConvert.swift */; };
		A8C4E9232A3ADFB3001A53D6 /* PayType.swift in Sources */ = {isa = PBXBuildFile; fileRef = A8C4E9222A3ADFB3001A53D6 /* PayType.swift */; };
		A8C4E92B2A3AE2D2001A53D6 /* DateFormatter.swift in Sources */ = {isa = PBXBuildFile; fileRef = A8C4E9242A3AE2D2001A53D6 /* DateFormatter.swift */; };
		A8C4E92C2A3AE2D2001A53D6 /* UIViewExtension.swift in Sources */ = {isa = PBXBuildFile; fileRef = A8C4E9252A3AE2D2001A53D6 /* UIViewExtension.swift */; };
		A8C4E92D2A3AE2D2001A53D6 /* StringExtension.swift in Sources */ = {isa = PBXBuildFile; fileRef = A8C4E9262A3AE2D2001A53D6 /* StringExtension.swift */; };
		A8C4E92E2A3AE2D2001A53D6 /* BundleExtension.swift in Sources */ = {isa = PBXBuildFile; fileRef = A8C4E9272A3AE2D2001A53D6 /* BundleExtension.swift */; };
		A8C4E92F2A3AE2D2001A53D6 /* DataExtension.swift in Sources */ = {isa = PBXBuildFile; fileRef = A8C4E9282A3AE2D2001A53D6 /* DataExtension.swift */; };
		A8C4E9302A3AE2D2001A53D6 /* DoubleExtension.swift in Sources */ = {isa = PBXBuildFile; fileRef = A8C4E9292A3AE2D2001A53D6 /* DoubleExtension.swift */; };
		A8C4E9312A3AE2D2001A53D6 /* IntExtension.swift in Sources */ = {isa = PBXBuildFile; fileRef = A8C4E92A2A3AE2D2001A53D6 /* IntExtension.swift */; };
		A8C4E9332A3AE338001A53D6 /* LZUDKeys.swift in Sources */ = {isa = PBXBuildFile; fileRef = A8C4E9322A3AE338001A53D6 /* LZUDKeys.swift */; };
		A8C4E9372A3AE514001A53D6 /* TabViewController.swift in Sources */ = {isa = PBXBuildFile; fileRef = A8C4E9362A3AE514001A53D6 /* TabViewController.swift */; };
		A8C4E9392A3AE570001A53D6 /* LZAccountViewController.swift in Sources */ = {isa = PBXBuildFile; fileRef = A8C4E9382A3AE570001A53D6 /* LZAccountViewController.swift */; };
		A8E604362A3165A900E75561 /* AppDelegate.swift in Sources */ = {isa = PBXBuildFile; fileRef = A8E604352A3165A900E75561 /* AppDelegate.swift */; };
		A8E604382A3165A900E75561 /* SceneDelegate.swift in Sources */ = {isa = PBXBuildFile; fileRef = A8E604372A3165A900E75561 /* SceneDelegate.swift */; };
		A8E6043F2A3165AD00E75561 /* Assets.xcassets in Resources */ = {isa = PBXBuildFile; fileRef = A8E6043E2A3165AD00E75561 /* Assets.xcassets */; };
		A8E6044D2A3165AE00E75561 /* LZStudyingProjectTests.swift in Sources */ = {isa = PBXBuildFile; fileRef = A8E6044C2A3165AE00E75561 /* LZStudyingProjectTests.swift */; };
		A8E604572A3165AE00E75561 /* LZStudyingProjectUITests.swift in Sources */ = {isa = PBXBuildFile; fileRef = A8E604562A3165AE00E75561 /* LZStudyingProjectUITests.swift */; };
		A8E604592A3165AE00E75561 /* LZStudyingProjectUITestsLaunchTests.swift in Sources */ = {isa = PBXBuildFile; fileRef = A8E604582A3165AE00E75561 /* LZStudyingProjectUITestsLaunchTests.swift */; };
/* End PBXBuildFile section */

/* Begin PBXContainerItemProxy section */
		A8E604492A3165AE00E75561 /* PBXContainerItemProxy */ = {
			isa = PBXContainerItemProxy;
			containerPortal = A8E6042A2A3165A900E75561 /* Project object */;
			proxyType = 1;
			remoteGlobalIDString = A8E604312A3165A900E75561;
			remoteInfo = LZStudyingProject;
		};
		A8E604532A3165AE00E75561 /* PBXContainerItemProxy */ = {
			isa = PBXContainerItemProxy;
			containerPortal = A8E6042A2A3165A900E75561 /* Project object */;
			proxyType = 1;
			remoteGlobalIDString = A8E604312A3165A900E75561;
			remoteInfo = LZStudyingProject;
		};
/* End PBXContainerItemProxy section */

/* Begin PBXFileReference section */
		2DD2F6C5D5B2D238E1B6D66A /* Pods-LZStudyingProjectTests.release.xcconfig */ = {isa = PBXFileReference; includeInIndex = 1; lastKnownFileType = text.xcconfig; name = "Pods-LZStudyingProjectTests.release.xcconfig"; path = "Target Support Files/Pods-LZStudyingProjectTests/Pods-LZStudyingProjectTests.release.xcconfig"; sourceTree = "<group>"; };
		35B1BCC609FD39472F1C5A66 /* Pods-LZStudyingProject.release.xcconfig */ = {isa = PBXFileReference; includeInIndex = 1; lastKnownFileType = text.xcconfig; name = "Pods-LZStudyingProject.release.xcconfig"; path = "Target Support Files/Pods-LZStudyingProject/Pods-LZStudyingProject.release.xcconfig"; sourceTree = "<group>"; };
		448E674A3E2D9362614FFFC1 /* Pods-LZStudyingProjectTests.debug.xcconfig */ = {isa = PBXFileReference; includeInIndex = 1; lastKnownFileType = text.xcconfig; name = "Pods-LZStudyingProjectTests.debug.xcconfig"; path = "Target Support Files/Pods-LZStudyingProjectTests/Pods-LZStudyingProjectTests.debug.xcconfig"; sourceTree = "<group>"; };
		5461A02D055AB1E163E147E2 /* Pods_LZStudyingProject.framework */ = {isa = PBXFileReference; explicitFileType = wrapper.framework; includeInIndex = 0; path = Pods_LZStudyingProject.framework; sourceTree = BUILT_PRODUCTS_DIR; };
		8EAB5444C54C79BBC1890979 /* Pods-LZStudyingProject.debug.xcconfig */ = {isa = PBXFileReference; includeInIndex = 1; lastKnownFileType = text.xcconfig; name = "Pods-LZStudyingProject.debug.xcconfig"; path = "Target Support Files/Pods-LZStudyingProject/Pods-LZStudyingProject.debug.xcconfig"; sourceTree = "<group>"; };
		9B0E47578C1B92BBBEBC6CEA /* Pods-LZStudyingProject-LZStudyingProjectUITests.release.xcconfig */ = {isa = PBXFileReference; includeInIndex = 1; lastKnownFileType = text.xcconfig; name = "Pods-LZStudyingProject-LZStudyingProjectUITests.release.xcconfig"; path = "Target Support Files/Pods-LZStudyingProject-LZStudyingProjectUITests/Pods-LZStudyingProject-LZStudyingProjectUITests.release.xcconfig"; sourceTree = "<group>"; };
		9D54E5E885E6E7ED077259A6 /* Pods_LZStudyingProject_LZStudyingProjectUITests.framework */ = {isa = PBXFileReference; explicitFileType = wrapper.framework; includeInIndex = 0; path = Pods_LZStudyingProject_LZStudyingProjectUITests.framework; sourceTree = BUILT_PRODUCTS_DIR; };
		A8626EED2A3FFE1A0089A1EC /* Music.swift */ = {isa = PBXFileReference; lastKnownFileType = sourcecode.swift; path = Music.swift; sourceTree = "<group>"; };
		A8626EEF2A4001350089A1EC /* AnimeInfo.swift */ = {isa = PBXFileReference; lastKnownFileType = sourcecode.swift; path = AnimeInfo.swift; sourceTree = "<group>"; };
		A8626EF12A404DCD0089A1EC /* LZMusicRequest.swift */ = {isa = PBXFileReference; lastKnownFileType = sourcecode.swift; path = LZMusicRequest.swift; sourceTree = "<group>"; };
		A8626EF32A404E2B0089A1EC /* LZMusicCell.swift */ = {isa = PBXFileReference; lastKnownFileType = sourcecode.swift; path = LZMusicCell.swift; sourceTree = "<group>"; };
		A87EB1282A3AEAA5002D5B6C /* LZLocationManager.swift */ = {isa = PBXFileReference; lastKnownFileType = sourcecode.swift; path = LZLocationManager.swift; sourceTree = "<group>"; };
		A87EB12C2A3AEB07002D5B6C /* LZExpressRequest.swift */ = {isa = PBXFileReference; fileEncoding = 4; lastKnownFileType = sourcecode.swift; path = LZExpressRequest.swift; sourceTree = "<group>"; };
		A87EB12D2A3AEB07002D5B6C /* LZCommodityRequest.swift */ = {isa = PBXFileReference; fileEncoding = 4; lastKnownFileType = sourcecode.swift; path = LZCommodityRequest.swift; sourceTree = "<group>"; };
		A87EB12F2A3AEB07002D5B6C /* LZAddressRequest.swift */ = {isa = PBXFileReference; fileEncoding = 4; lastKnownFileType = sourcecode.swift; path = LZAddressRequest.swift; sourceTree = "<group>"; };
		A87EB1302A3AEB08002D5B6C /* LZGDAddressRequest.swift */ = {isa = PBXFileReference; fileEncoding = 4; lastKnownFileType = sourcecode.swift; path = LZGDAddressRequest.swift; sourceTree = "<group>"; };
		A87EB1312A3AEB08002D5B6C /* LZOrderRequest.swift */ = {isa = PBXFileReference; fileEncoding = 4; lastKnownFileType = sourcecode.swift; path = LZOrderRequest.swift; sourceTree = "<group>"; };
		A87EB1322A3AEB08002D5B6C /* LZNetWork.swift */ = {isa = PBXFileReference; fileEncoding = 4; lastKnownFileType = sourcecode.swift; path = LZNetWork.swift; sourceTree = "<group>"; };
		A87EB1332A3AEB08002D5B6C /* LZPlayerRequest.swift */ = {isa = PBXFileReference; fileEncoding = 4; lastKnownFileType = sourcecode.swift; path = LZPlayerRequest.swift; sourceTree = "<group>"; };
		A87EB1402A3AEBDE002D5B6C /* ToastNotification.swift */ = {isa = PBXFileReference; lastKnownFileType = sourcecode.swift; path = ToastNotification.swift; sourceTree = "<group>"; };
		A87EB1422A3AEC01002D5B6C /* LZMusicViewController.swift */ = {isa = PBXFileReference; lastKnownFileType = sourcecode.swift; path = LZMusicViewController.swift; sourceTree = "<group>"; };
		A87EB1442A3AECA8002D5B6C /* UIStandard.swift */ = {isa = PBXFileReference; lastKnownFileType = sourcecode.swift; path = UIStandard.swift; sourceTree = "<group>"; };
		A87EB1462A3AEDCD002D5B6C /* LZEventView.swift */ = {isa = PBXFileReference; lastKnownFileType = sourcecode.swift; path = LZEventView.swift; sourceTree = "<group>"; };
		A87EB1482A3B0A84002D5B6C /* loginViewVideo.mov */ = {isa = PBXFileReference; lastKnownFileType = video.quicktime; name = loginViewVideo.mov; path = "../../../../../Desktop/桌面 - Jason的MacBook Pro/loginViewVideo.mov"; sourceTree = "<group>"; };
		A87EB1582A3B11C9002D5B6C /* ComPoint.swift */ = {isa = PBXFileReference; lastKnownFileType = sourcecode.swift; path = ComPoint.swift; sourceTree = "<group>"; };
		A8C4E89F2A3AC1E6001A53D6 /* LZSys.swift */ = {isa = PBXFileReference; lastKnownFileType = sourcecode.swift; path = LZSys.swift; sourceTree = "<group>"; };
		A8C4E8A12A3AC23F001A53D6 /* LZSettingTableViewCell.swift */ = {isa = PBXFileReference; fileEncoding = 4; lastKnownFileType = sourcecode.swift; path = LZSettingTableViewCell.swift; sourceTree = "<group>"; };
		A8C4E8A22A3AC240001A53D6 /* LZSettingViewController.swift */ = {isa = PBXFileReference; fileEncoding = 4; lastKnownFileType = sourcecode.swift; path = LZSettingViewController.swift; sourceTree = "<group>"; };
		A8C4E8A32A3AC240001A53D6 /* LZSettingSelectionViewController.swift */ = {isa = PBXFileReference; fileEncoding = 4; lastKnownFileType = sourcecode.swift; path = LZSettingSelectionViewController.swift; sourceTree = "<group>"; };
		A8C4E8A42A3AC240001A53D6 /* LZSettingIconCell.swift */ = {isa = PBXFileReference; fileEncoding = 4; lastKnownFileType = sourcecode.swift; path = LZSettingIconCell.swift; sourceTree = "<group>"; };
		A8C4E8A52A3AC240001A53D6 /* LZSettingUserIconCell.swift */ = {isa = PBXFileReference; fileEncoding = 4; lastKnownFileType = sourcecode.swift; path = LZSettingUserIconCell.swift; sourceTree = "<group>"; };
		A8C4E8A62A3AC240001A53D6 /* LZSettingSelectionCell.swift */ = {isa = PBXFileReference; fileEncoding = 4; lastKnownFileType = sourcecode.swift; path = LZSettingSelectionCell.swift; sourceTree = "<group>"; };
		A8C4E8A72A3AC240001A53D6 /* LZSettingInfoViewController.swift */ = {isa = PBXFileReference; fileEncoding = 4; lastKnownFileType = sourcecode.swift; path = LZSettingInfoViewController.swift; sourceTree = "<group>"; };
		A8C4E8AF2A3AC505001A53D6 /* LZSignUpViewController.swift */ = {isa = PBXFileReference; fileEncoding = 4; lastKnownFileType = sourcecode.swift; path = LZSignUpViewController.swift; sourceTree = "<group>"; };
		A8C4E8B02A3AC505001A53D6 /* LZSignInBtn.swift */ = {isa = PBXFileReference; fileEncoding = 4; lastKnownFileType = sourcecode.swift; path = LZSignInBtn.swift; sourceTree = "<group>"; };
		A8C4E8B12A3AC505001A53D6 /* LZResetPasswordViewController.swift */ = {isa = PBXFileReference; fileEncoding = 4; lastKnownFileType = sourcecode.swift; path = LZResetPasswordViewController.swift; sourceTree = "<group>"; };
		A8C4E8B22A3AC505001A53D6 /* LZSignInViewController.swift */ = {isa = PBXFileReference; fileEncoding = 4; lastKnownFileType = sourcecode.swift; path = LZSignInViewController.swift; sourceTree = "<group>"; };
		A8C4E8BD2A3AD331001A53D6 /* LZUser.swift */ = {isa = PBXFileReference; lastKnownFileType = sourcecode.swift; path = LZUser.swift; sourceTree = "<group>"; };
		A8C4E8BF2A3AD389001A53D6 /* User.swift */ = {isa = PBXFileReference; lastKnownFileType = sourcecode.swift; path = User.swift; sourceTree = "<group>"; };
		A8C4E8C12A3AD679001A53D6 /* Bill.swift */ = {isa = PBXFileReference; fileEncoding = 4; lastKnownFileType = sourcecode.swift; path = Bill.swift; sourceTree = "<group>"; };
		A8C4E8C22A3AD679001A53D6 /* Order.swift */ = {isa = PBXFileReference; fileEncoding = 4; lastKnownFileType = sourcecode.swift; path = Order.swift; sourceTree = "<group>"; };
		A8C4E8C32A3AD679001A53D6 /* Address.swift */ = {isa = PBXFileReference; fileEncoding = 4; lastKnownFileType = sourcecode.swift; path = Address.swift; sourceTree = "<group>"; };
		A8C4E8C42A3AD679001A53D6 /* Option.swift */ = {isa = PBXFileReference; fileEncoding = 4; lastKnownFileType = sourcecode.swift; path = Option.swift; sourceTree = "<group>"; };
		A8C4E8C52A3AD679001A53D6 /* Player.swift */ = {isa = PBXFileReference; fileEncoding = 4; lastKnownFileType = sourcecode.swift; path = Player.swift; sourceTree = "<group>"; };
		A8C4E8C62A3AD679001A53D6 /* Commodity.swift */ = {isa = PBXFileReference; fileEncoding = 4; lastKnownFileType = sourcecode.swift; path = Commodity.swift; sourceTree = "<group>"; };
		A8C4E8CD2A3AD728001A53D6 /* Sex.swift */ = {isa = PBXFileReference; lastKnownFileType = sourcecode.swift; path = Sex.swift; sourceTree = "<group>"; };
		A8C4E8CF2A3AD7A2001A53D6 /* LZUserOrdersViewController.swift */ = {isa = PBXFileReference; fileEncoding = 4; lastKnownFileType = sourcecode.swift; path = LZUserOrdersViewController.swift; sourceTree = "<group>"; };
		A8C4E8D02A3AD7A3001A53D6 /* LZUserOrderTableView.swift */ = {isa = PBXFileReference; fileEncoding = 4; lastKnownFileType = sourcecode.swift; path = LZUserOrderTableView.swift; sourceTree = "<group>"; };
		A8C4E8D12A3AD7A3001A53D6 /* LZUserOrderCell.swift */ = {isa = PBXFileReference; fileEncoding = 4; lastKnownFileType = sourcecode.swift; path = LZUserOrderCell.swift; sourceTree = "<group>"; };
		A8C4E8D92A3AD987001A53D6 /* ComCag.swift */ = {isa = PBXFileReference; lastKnownFileType = sourcecode.swift; path = ComCag.swift; sourceTree = "<group>"; };
		A8C4E8DA2A3AD987001A53D6 /* CommodityState.swift */ = {isa = PBXFileReference; lastKnownFileType = sourcecode.swift; path = CommodityState.swift; sourceTree = "<group>"; };
		A8C4E8DD2A3AD9C0001A53D6 /* LZBillingView.swift */ = {isa = PBXFileReference; fileEncoding = 4; lastKnownFileType = sourcecode.swift; path = LZBillingView.swift; sourceTree = "<group>"; };
		A8C4E8DF2A3ADA82001A53D6 /* LZQuantitySelectorView.swift */ = {isa = PBXFileReference; fileEncoding = 4; lastKnownFileType = sourcecode.swift; path = LZQuantitySelectorView.swift; sourceTree = "<group>"; };
		A8C4E8E02A3ADA82001A53D6 /* LZShoppingCollectionView.swift */ = {isa = PBXFileReference; fileEncoding = 4; lastKnownFileType = sourcecode.swift; path = LZShoppingCollectionView.swift; sourceTree = "<group>"; };
		A8C4E8E12A3ADA82001A53D6 /* LZComContentViewController.swift */ = {isa = PBXFileReference; fileEncoding = 4; lastKnownFileType = sourcecode.swift; path = LZComContentViewController.swift; sourceTree = "<group>"; };
		A8C4E8E22A3ADA83001A53D6 /* LZBillingViewController.swift */ = {isa = PBXFileReference; fileEncoding = 4; lastKnownFileType = sourcecode.swift; path = LZBillingViewController.swift; sourceTree = "<group>"; };
		A8C4E8E32A3ADA83001A53D6 /* LZShoppingViewController.swift */ = {isa = PBXFileReference; fileEncoding = 4; lastKnownFileType = sourcecode.swift; path = LZShoppingViewController.swift; sourceTree = "<group>"; };
		A8C4E8E42A3ADA83001A53D6 /* LZConfigSelectionViewController.swift */ = {isa = PBXFileReference; fileEncoding = 4; lastKnownFileType = sourcecode.swift; path = LZConfigSelectionViewController.swift; sourceTree = "<group>"; };
		A8C4E8E52A3ADA83001A53D6 /* LZAddressView.swift */ = {isa = PBXFileReference; fileEncoding = 4; lastKnownFileType = sourcecode.swift; path = LZAddressView.swift; sourceTree = "<group>"; };
		A8C4E8E62A3ADA83001A53D6 /* LZComBillingCell.swift */ = {isa = PBXFileReference; fileEncoding = 4; lastKnownFileType = sourcecode.swift; path = LZComBillingCell.swift; sourceTree = "<group>"; };
		A8C4E8E72A3ADA83001A53D6 /* LZComIntroContainerView.swift */ = {isa = PBXFileReference; fileEncoding = 4; lastKnownFileType = sourcecode.swift; path = LZComIntroContainerView.swift; sourceTree = "<group>"; };
		A8C4E8E82A3ADA83001A53D6 /* LZAddressEditingViewController.swift */ = {isa = PBXFileReference; fileEncoding = 4; lastKnownFileType = sourcecode.swift; path = LZAddressEditingViewController.swift; sourceTree = "<group>"; };
		A8C4E8E92A3ADA83001A53D6 /* LZBillTableViewController.swift */ = {isa = PBXFileReference; fileEncoding = 4; lastKnownFileType = sourcecode.swift; path = LZBillTableViewController.swift; sourceTree = "<group>"; };
		A8C4E8EA2A3ADA83001A53D6 /* LZSelectionCollectionView.swift */ = {isa = PBXFileReference; fileEncoding = 4; lastKnownFileType = sourcecode.swift; path = LZSelectionCollectionView.swift; sourceTree = "<group>"; };
		A8C4E8EB2A3ADA83001A53D6 /* LZOrderDetailViewController.swift */ = {isa = PBXFileReference; fileEncoding = 4; lastKnownFileType = sourcecode.swift; path = LZOrderDetailViewController.swift; sourceTree = "<group>"; };
		A8C4E8EC2A3ADA83001A53D6 /* LZCommodityCell.swift */ = {isa = PBXFileReference; fileEncoding = 4; lastKnownFileType = sourcecode.swift; path = LZCommodityCell.swift; sourceTree = "<group>"; };
		A8C4E8ED2A3ADA83001A53D6 /* LZPaymentView.swift */ = {isa = PBXFileReference; fileEncoding = 4; lastKnownFileType = sourcecode.swift; path = LZPaymentView.swift; sourceTree = "<group>"; };
		A8C4E8EE2A3ADA83001A53D6 /* LZAddressManagementViewController.swift */ = {isa = PBXFileReference; fileEncoding = 4; lastKnownFileType = sourcecode.swift; path = LZAddressManagementViewController.swift; sourceTree = "<group>"; };
		A8C4E8EF2A3ADA83001A53D6 /* LZCagSelectionCell.swift */ = {isa = PBXFileReference; fileEncoding = 4; lastKnownFileType = sourcecode.swift; path = LZCagSelectionCell.swift; sourceTree = "<group>"; };
		A8C4E8F02A3ADA83001A53D6 /* LZBillVCView.swift */ = {isa = PBXFileReference; fileEncoding = 4; lastKnownFileType = sourcecode.swift; path = LZBillVCView.swift; sourceTree = "<group>"; };
		A8C4E8F12A3ADA83001A53D6 /* LZComImagesView.swift */ = {isa = PBXFileReference; fileEncoding = 4; lastKnownFileType = sourcecode.swift; path = LZComImagesView.swift; sourceTree = "<group>"; };
		A8C4E8F22A3ADA83001A53D6 /* LZCagCollectionViewLayout.swift */ = {isa = PBXFileReference; fileEncoding = 4; lastKnownFileType = sourcecode.swift; path = LZCagCollectionViewLayout.swift; sourceTree = "<group>"; };
		A8C4E8F32A3ADA83001A53D6 /* LZAddressCell.swift */ = {isa = PBXFileReference; fileEncoding = 4; lastKnownFileType = sourcecode.swift; path = LZAddressCell.swift; sourceTree = "<group>"; };
		A8C4E8F42A3ADA83001A53D6 /* LZDeliveryViewController.swift */ = {isa = PBXFileReference; fileEncoding = 4; lastKnownFileType = sourcecode.swift; path = LZDeliveryViewController.swift; sourceTree = "<group>"; };
		A8C4E8F52A3ADA83001A53D6 /* LZFilterView.swift */ = {isa = PBXFileReference; fileEncoding = 4; lastKnownFileType = sourcecode.swift; path = LZFilterView.swift; sourceTree = "<group>"; };
		A8C4E8F62A3ADA83001A53D6 /* LZFlowLayout.swift */ = {isa = PBXFileReference; fileEncoding = 4; lastKnownFileType = sourcecode.swift; path = LZFlowLayout.swift; sourceTree = "<group>"; };
		A8C4E9112A3ADD97001A53D6 /* LZSettingKeys.swift */ = {isa = PBXFileReference; fileEncoding = 4; lastKnownFileType = sourcecode.swift; path = LZSettingKeys.swift; sourceTree = "<group>"; };
		A8C4E9202A3ADF10001A53D6 /* LZDataConvert.swift */ = {isa = PBXFileReference; fileEncoding = 4; lastKnownFileType = sourcecode.swift; path = LZDataConvert.swift; sourceTree = "<group>"; };
		A8C4E9222A3ADFB3001A53D6 /* PayType.swift */ = {isa = PBXFileReference; lastKnownFileType = sourcecode.swift; path = PayType.swift; sourceTree = "<group>"; };
		A8C4E9242A3AE2D2001A53D6 /* DateFormatter.swift */ = {isa = PBXFileReference; fileEncoding = 4; lastKnownFileType = sourcecode.swift; path = DateFormatter.swift; sourceTree = "<group>"; };
		A8C4E9252A3AE2D2001A53D6 /* UIViewExtension.swift */ = {isa = PBXFileReference; fileEncoding = 4; lastKnownFileType = sourcecode.swift; path = UIViewExtension.swift; sourceTree = "<group>"; };
		A8C4E9262A3AE2D2001A53D6 /* StringExtension.swift */ = {isa = PBXFileReference; fileEncoding = 4; lastKnownFileType = sourcecode.swift; path = StringExtension.swift; sourceTree = "<group>"; };
		A8C4E9272A3AE2D2001A53D6 /* BundleExtension.swift */ = {isa = PBXFileReference; fileEncoding = 4; lastKnownFileType = sourcecode.swift; path = BundleExtension.swift; sourceTree = "<group>"; };
		A8C4E9282A3AE2D2001A53D6 /* DataExtension.swift */ = {isa = PBXFileReference; fileEncoding = 4; lastKnownFileType = sourcecode.swift; path = DataExtension.swift; sourceTree = "<group>"; };
		A8C4E9292A3AE2D2001A53D6 /* DoubleExtension.swift */ = {isa = PBXFileReference; fileEncoding = 4; lastKnownFileType = sourcecode.swift; path = DoubleExtension.swift; sourceTree = "<group>"; };
		A8C4E92A2A3AE2D2001A53D6 /* IntExtension.swift */ = {isa = PBXFileReference; fileEncoding = 4; lastKnownFileType = sourcecode.swift; path = IntExtension.swift; sourceTree = "<group>"; };
		A8C4E9322A3AE338001A53D6 /* LZUDKeys.swift */ = {isa = PBXFileReference; lastKnownFileType = sourcecode.swift; path = LZUDKeys.swift; sourceTree = "<group>"; };
		A8C4E9362A3AE514001A53D6 /* TabViewController.swift */ = {isa = PBXFileReference; lastKnownFileType = sourcecode.swift; path = TabViewController.swift; sourceTree = "<group>"; };
		A8C4E9382A3AE570001A53D6 /* LZAccountViewController.swift */ = {isa = PBXFileReference; fileEncoding = 4; lastKnownFileType = sourcecode.swift; path = LZAccountViewController.swift; sourceTree = "<group>"; };
		A8E604322A3165A900E75561 /* LZStudyingProject.app */ = {isa = PBXFileReference; explicitFileType = wrapper.application; includeInIndex = 0; path = LZStudyingProject.app; sourceTree = BUILT_PRODUCTS_DIR; };
		A8E604352A3165A900E75561 /* AppDelegate.swift */ = {isa = PBXFileReference; lastKnownFileType = sourcecode.swift; path = AppDelegate.swift; sourceTree = "<group>"; };
		A8E604372A3165A900E75561 /* SceneDelegate.swift */ = {isa = PBXFileReference; lastKnownFileType = sourcecode.swift; path = SceneDelegate.swift; sourceTree = "<group>"; };
		A8E6043E2A3165AD00E75561 /* Assets.xcassets */ = {isa = PBXFileReference; lastKnownFileType = folder.assetcatalog; path = Assets.xcassets; sourceTree = "<group>"; };
		A8E604432A3165AD00E75561 /* Info.plist */ = {isa = PBXFileReference; lastKnownFileType = text.plist.xml; path = Info.plist; sourceTree = "<group>"; };
		A8E604482A3165AE00E75561 /* LZStudyingProjectTests.xctest */ = {isa = PBXFileReference; explicitFileType = wrapper.cfbundle; includeInIndex = 0; path = LZStudyingProjectTests.xctest; sourceTree = BUILT_PRODUCTS_DIR; };
		A8E6044C2A3165AE00E75561 /* LZStudyingProjectTests.swift */ = {isa = PBXFileReference; lastKnownFileType = sourcecode.swift; path = LZStudyingProjectTests.swift; sourceTree = "<group>"; };
		A8E604522A3165AE00E75561 /* LZStudyingProjectUITests.xctest */ = {isa = PBXFileReference; explicitFileType = wrapper.cfbundle; includeInIndex = 0; path = LZStudyingProjectUITests.xctest; sourceTree = BUILT_PRODUCTS_DIR; };
		A8E604562A3165AE00E75561 /* LZStudyingProjectUITests.swift */ = {isa = PBXFileReference; lastKnownFileType = sourcecode.swift; path = LZStudyingProjectUITests.swift; sourceTree = "<group>"; };
		A8E604582A3165AE00E75561 /* LZStudyingProjectUITestsLaunchTests.swift */ = {isa = PBXFileReference; lastKnownFileType = sourcecode.swift; path = LZStudyingProjectUITestsLaunchTests.swift; sourceTree = "<group>"; };
		D32CB2CFE1930DF82C4D741A /* Pods-LZStudyingProject-LZStudyingProjectUITests.debug.xcconfig */ = {isa = PBXFileReference; includeInIndex = 1; lastKnownFileType = text.xcconfig; name = "Pods-LZStudyingProject-LZStudyingProjectUITests.debug.xcconfig"; path = "Target Support Files/Pods-LZStudyingProject-LZStudyingProjectUITests/Pods-LZStudyingProject-LZStudyingProjectUITests.debug.xcconfig"; sourceTree = "<group>"; };
		DAA3C2BBB47E31A2D82BD541 /* Pods_LZStudyingProjectTests.framework */ = {isa = PBXFileReference; explicitFileType = wrapper.framework; includeInIndex = 0; path = Pods_LZStudyingProjectTests.framework; sourceTree = BUILT_PRODUCTS_DIR; };
/* End PBXFileReference section */

/* Begin PBXFrameworksBuildPhase section */
		A8E6042F2A3165A900E75561 /* Frameworks */ = {
			isa = PBXFrameworksBuildPhase;
			buildActionMask = 2147483647;
			files = (
				24D84091A86090DD910327BB /* Pods_LZStudyingProject.framework in Frameworks */,
			);
			runOnlyForDeploymentPostprocessing = 0;
		};
		A8E604452A3165AE00E75561 /* Frameworks */ = {
			isa = PBXFrameworksBuildPhase;
			buildActionMask = 2147483647;
			files = (
				99DF09B4BEAFBFE1A76A2A0C /* Pods_LZStudyingProjectTests.framework in Frameworks */,
			);
			runOnlyForDeploymentPostprocessing = 0;
		};
		A8E6044F2A3165AE00E75561 /* Frameworks */ = {
			isa = PBXFrameworksBuildPhase;
			buildActionMask = 2147483647;
			files = (
				56CBDFF36EA2C73E0DCD9C24 /* Pods_LZStudyingProject_LZStudyingProjectUITests.framework in Frameworks */,
			);
			runOnlyForDeploymentPostprocessing = 0;
		};
/* End PBXFrameworksBuildPhase section */

/* Begin PBXGroup section */
		1812493019100A5E2704BC8E /* Pods */ = {
			isa = PBXGroup;
			children = (
				8EAB5444C54C79BBC1890979 /* Pods-LZStudyingProject.debug.xcconfig */,
				35B1BCC609FD39472F1C5A66 /* Pods-LZStudyingProject.release.xcconfig */,
				D32CB2CFE1930DF82C4D741A /* Pods-LZStudyingProject-LZStudyingProjectUITests.debug.xcconfig */,
				9B0E47578C1B92BBBEBC6CEA /* Pods-LZStudyingProject-LZStudyingProjectUITests.release.xcconfig */,
				448E674A3E2D9362614FFFC1 /* Pods-LZStudyingProjectTests.debug.xcconfig */,
				2DD2F6C5D5B2D238E1B6D66A /* Pods-LZStudyingProjectTests.release.xcconfig */,
			);
			path = Pods;
			sourceTree = "<group>";
		};
		66C7497386637153510B6152 /* Frameworks */ = {
			isa = PBXGroup;
			children = (
				5461A02D055AB1E163E147E2 /* Pods_LZStudyingProject.framework */,
				9D54E5E885E6E7ED077259A6 /* Pods_LZStudyingProject_LZStudyingProjectUITests.framework */,
				DAA3C2BBB47E31A2D82BD541 /* Pods_LZStudyingProjectTests.framework */,
			);
			name = Frameworks;
			sourceTree = "<group>";
		};
		A87EB14A2A3B0C0C002D5B6C /* NetWork */ = {
			isa = PBXGroup;
			children = (
				A87EB1332A3AEB08002D5B6C /* LZPlayerRequest.swift */,
				A8626EF12A404DCD0089A1EC /* LZMusicRequest.swift */,
				A87EB1322A3AEB08002D5B6C /* LZNetWork.swift */,
				A87EB12F2A3AEB07002D5B6C /* LZAddressRequest.swift */,
				A87EB12D2A3AEB07002D5B6C /* LZCommodityRequest.swift */,
				A87EB12C2A3AEB07002D5B6C /* LZExpressRequest.swift */,
				A87EB1302A3AEB08002D5B6C /* LZGDAddressRequest.swift */,
				A87EB1312A3AEB08002D5B6C /* LZOrderRequest.swift */,
			);
			path = NetWork;
			sourceTree = "<group>";
		};
		A87EB14B2A3B0C78002D5B6C /* Extension */ = {
			isa = PBXGroup;
			children = (
				A8C4E9272A3AE2D2001A53D6 /* BundleExtension.swift */,
				A8C4E9282A3AE2D2001A53D6 /* DataExtension.swift */,
				A8C4E9242A3AE2D2001A53D6 /* DateFormatter.swift */,
				A8C4E9292A3AE2D2001A53D6 /* DoubleExtension.swift */,
				A8C4E92A2A3AE2D2001A53D6 /* IntExtension.swift */,
				A8C4E9262A3AE2D2001A53D6 /* StringExtension.swift */,
				A8C4E9252A3AE2D2001A53D6 /* UIViewExtension.swift */,
			);
			path = Extension;
			sourceTree = "<group>";
		};
		A87EB14C2A3B0C8E002D5B6C /* Common */ = {
			isa = PBXGroup;
			children = (
				A87EB1442A3AECA8002D5B6C /* UIStandard.swift */,
				A8C4E9322A3AE338001A53D6 /* LZUDKeys.swift */,
				A87EB1402A3AEBDE002D5B6C /* ToastNotification.swift */,
				A87EB1282A3AEAA5002D5B6C /* LZLocationManager.swift */,
				A8C4E9202A3ADF10001A53D6 /* LZDataConvert.swift */,
			);
			path = Common;
			sourceTree = "<group>";
		};
		A87EB14D2A3B0CF4002D5B6C /* Enums */ = {
			isa = PBXGroup;
			children = (
				A8C4E8DA2A3AD987001A53D6 /* CommodityState.swift */,
				A8C4E8D92A3AD987001A53D6 /* ComCag.swift */,
				A8C4E9222A3ADFB3001A53D6 /* PayType.swift */,
				A8C4E9112A3ADD97001A53D6 /* LZSettingKeys.swift */,
				A87EB1582A3B11C9002D5B6C /* ComPoint.swift */,
			);
			path = Enums;
			sourceTree = "<group>";
		};
		A87EB1522A3B0D33002D5B6C /* Setting */ = {
			isa = PBXGroup;
			children = (
				A8C4E8A42A3AC240001A53D6 /* LZSettingIconCell.swift */,
				A8C4E8A72A3AC240001A53D6 /* LZSettingInfoViewController.swift */,
				A8C4E8A62A3AC240001A53D6 /* LZSettingSelectionCell.swift */,
				A8C4E8A32A3AC240001A53D6 /* LZSettingSelectionViewController.swift */,
				A8C4E8A12A3AC23F001A53D6 /* LZSettingTableViewCell.swift */,
				A8C4E8A52A3AC240001A53D6 /* LZSettingUserIconCell.swift */,
				A8C4E8A22A3AC240001A53D6 /* LZSettingViewController.swift */,
			);
			path = Setting;
			sourceTree = "<group>";
		};
		A87EB1532A3B0D3C002D5B6C /* Music */ = {
			isa = PBXGroup;
			children = (
				A87EB1422A3AEC01002D5B6C /* LZMusicViewController.swift */,
				A8626EF32A404E2B0089A1EC /* LZMusicCell.swift */,
			);
			path = Music;
			sourceTree = "<group>";
		};
		A87EB1542A3B0D46002D5B6C /* Account */ = {
			isa = PBXGroup;
			children = (
				A8C4E8EB2A3ADA83001A53D6 /* LZOrderDetailViewController.swift */,
				A8C4E9382A3AE570001A53D6 /* LZAccountViewController.swift */,
				A8C4E8EC2A3ADA83001A53D6 /* LZCommodityCell.swift */,
				A8C4E8F42A3ADA83001A53D6 /* LZDeliveryViewController.swift */,
				A8C4E8D12A3AD7A3001A53D6 /* LZUserOrderCell.swift */,
				A8C4E8CF2A3AD7A2001A53D6 /* LZUserOrdersViewController.swift */,
				A8C4E8D02A3AD7A3001A53D6 /* LZUserOrderTableView.swift */,
				A87EB1522A3B0D33002D5B6C /* Setting */,
			);
			path = Account;
			sourceTree = "<group>";
		};
		A87EB1552A3B0D58002D5B6C /* Shopping */ = {
			isa = PBXGroup;
			children = (
				A8C4E8E62A3ADA83001A53D6 /* LZComBillingCell.swift */,
				A8C4E8DD2A3AD9C0001A53D6 /* LZBillingView.swift */,
				A8C4E8E22A3ADA83001A53D6 /* LZBillingViewController.swift */,
				A8C4E8E92A3ADA83001A53D6 /* LZBillTableViewController.swift */,
				A8C4E8F02A3ADA83001A53D6 /* LZBillVCView.swift */,
				A8C4E8F22A3ADA83001A53D6 /* LZCagCollectionViewLayout.swift */,
				A8C4E8EF2A3ADA83001A53D6 /* LZCagSelectionCell.swift */,
				A8C4E8E12A3ADA82001A53D6 /* LZComContentViewController.swift */,
				A8C4E8E72A3ADA83001A53D6 /* LZComIntroContainerView.swift */,
				A8C4E8F52A3ADA83001A53D6 /* LZFilterView.swift */,
				A8C4E8ED2A3ADA83001A53D6 /* LZPaymentView.swift */,
				A8C4E8EA2A3ADA83001A53D6 /* LZSelectionCollectionView.swift */,
				A8C4E8E02A3ADA82001A53D6 /* LZShoppingCollectionView.swift */,
				A8C4E8E32A3ADA83001A53D6 /* LZShoppingViewController.swift */,
				A8C4E8E42A3ADA83001A53D6 /* LZConfigSelectionViewController.swift */,
				A8C4E8F12A3ADA83001A53D6 /* LZComImagesView.swift */,
				A8C4E8F62A3ADA83001A53D6 /* LZFlowLayout.swift */,
				A87EB1462A3AEDCD002D5B6C /* LZEventView.swift */,
				A8C4E8DF2A3ADA82001A53D6 /* LZQuantitySelectorView.swift */,
				A8C4E8F32A3ADA83001A53D6 /* LZAddressCell.swift */,
				A8C4E8E82A3ADA83001A53D6 /* LZAddressEditingViewController.swift */,
				A8C4E8EE2A3ADA83001A53D6 /* LZAddressManagementViewController.swift */,
				A8C4E8E52A3ADA83001A53D6 /* LZAddressView.swift */,
			);
			path = Shopping;
			sourceTree = "<group>";
		};
		A87EB1562A3B0EBB002D5B6C /* Model */ = {
			isa = PBXGroup;
			children = (
				A8C4E8BF2A3AD389001A53D6 /* User.swift */,
				A8C4E8C32A3AD679001A53D6 /* Address.swift */,
				A8C4E8C12A3AD679001A53D6 /* Bill.swift */,
				A8C4E8C62A3AD679001A53D6 /* Commodity.swift */,
				A8C4E8C42A3AD679001A53D6 /* Option.swift */,
				A8C4E8C22A3AD679001A53D6 /* Order.swift */,
				A8C4E8C52A3AD679001A53D6 /* Player.swift */,
				A8626EED2A3FFE1A0089A1EC /* Music.swift */,
				A8626EEF2A4001350089A1EC /* AnimeInfo.swift */,
				A8C4E8CD2A3AD728001A53D6 /* Sex.swift */,
			);
			path = Model;
			sourceTree = "<group>";
		};
		A87EB1572A3B0EFC002D5B6C /* Sign */ = {
			isa = PBXGroup;
			children = (
				A8C4E8B12A3AC505001A53D6 /* LZResetPasswordViewController.swift */,
				A8C4E8B02A3AC505001A53D6 /* LZSignInBtn.swift */,
				A8C4E8B22A3AC505001A53D6 /* LZSignInViewController.swift */,
				A8C4E8AF2A3AC505001A53D6 /* LZSignUpViewController.swift */,
			);
			path = Sign;
			sourceTree = "<group>";
		};
		A8E604292A3165A900E75561 = {
			isa = PBXGroup;
			children = (
				A8E604342A3165A900E75561 /* LZStudyingProject */,
				A8E6044B2A3165AE00E75561 /* LZStudyingProjectTests */,
				A8E604552A3165AE00E75561 /* LZStudyingProjectUITests */,
				A8E604332A3165A900E75561 /* Products */,
				1812493019100A5E2704BC8E /* Pods */,
				66C7497386637153510B6152 /* Frameworks */,
			);
			sourceTree = "<group>";
		};
		A8E604332A3165A900E75561 /* Products */ = {
			isa = PBXGroup;
			children = (
				A8E604322A3165A900E75561 /* LZStudyingProject.app */,
				A8E604482A3165AE00E75561 /* LZStudyingProjectTests.xctest */,
				A8E604522A3165AE00E75561 /* LZStudyingProjectUITests.xctest */,
			);
			name = Products;
			sourceTree = "<group>";
		};
		A8E604342A3165A900E75561 /* LZStudyingProject */ = {
			isa = PBXGroup;
			children = (
				A8E604352A3165A900E75561 /* AppDelegate.swift */,
				A8E604372A3165A900E75561 /* SceneDelegate.swift */,
				A8C4E89F2A3AC1E6001A53D6 /* LZSys.swift */,
				A8C4E9362A3AE514001A53D6 /* TabViewController.swift */,
				A8C4E8BD2A3AD331001A53D6 /* LZUser.swift */,
				A87EB1572A3B0EFC002D5B6C /* Sign */,
				A87EB1552A3B0D58002D5B6C /* Shopping */,
				A87EB1542A3B0D46002D5B6C /* Account */,
				A87EB1532A3B0D3C002D5B6C /* Music */,
				A87EB14D2A3B0CF4002D5B6C /* Enums */,
				A87EB14C2A3B0C8E002D5B6C /* Common */,
				A87EB14B2A3B0C78002D5B6C /* Extension */,
				A87EB1562A3B0EBB002D5B6C /* Model */,
				A87EB14A2A3B0C0C002D5B6C /* NetWork */,
				A8E6043E2A3165AD00E75561 /* Assets.xcassets */,
				A87EB1482A3B0A84002D5B6C /* loginViewVideo.mov */,
				A8E604432A3165AD00E75561 /* Info.plist */,
			);
			path = LZStudyingProject;
			sourceTree = "<group>";
		};
		A8E6044B2A3165AE00E75561 /* LZStudyingProjectTests */ = {
			isa = PBXGroup;
			children = (
				A8E6044C2A3165AE00E75561 /* LZStudyingProjectTests.swift */,
			);
			path = LZStudyingProjectTests;
			sourceTree = "<group>";
		};
		A8E604552A3165AE00E75561 /* LZStudyingProjectUITests */ = {
			isa = PBXGroup;
			children = (
				A8E604562A3165AE00E75561 /* LZStudyingProjectUITests.swift */,
				A8E604582A3165AE00E75561 /* LZStudyingProjectUITestsLaunchTests.swift */,
			);
			path = LZStudyingProjectUITests;
			sourceTree = "<group>";
		};
/* End PBXGroup section */

/* Begin PBXNativeTarget section */
		A8E604312A3165A900E75561 /* LZStudyingProject */ = {
			isa = PBXNativeTarget;
			buildConfigurationList = A8E6045C2A3165AE00E75561 /* Build configuration list for PBXNativeTarget "LZStudyingProject" */;
			buildPhases = (
				5293679B4C53C7ECD64140E9 /* [CP] Check Pods Manifest.lock */,
				A8E6042E2A3165A900E75561 /* Sources */,
				A8E6042F2A3165A900E75561 /* Frameworks */,
				A8E604302A3165A900E75561 /* Resources */,
				D321764958A5804566973D4D /* [CP] Embed Pods Frameworks */,
			);
			buildRules = (
			);
			dependencies = (
			);
			name = LZStudyingProject;
			productName = LZStudyingProject;
			productReference = A8E604322A3165A900E75561 /* LZStudyingProject.app */;
			productType = "com.apple.product-type.application";
		};
		A8E604472A3165AE00E75561 /* LZStudyingProjectTests */ = {
			isa = PBXNativeTarget;
			buildConfigurationList = A8E6045F2A3165AE00E75561 /* Build configuration list for PBXNativeTarget "LZStudyingProjectTests" */;
			buildPhases = (
				75616604282D91C9F4B5AB70 /* [CP] Check Pods Manifest.lock */,
				A8E604442A3165AE00E75561 /* Sources */,
				A8E604452A3165AE00E75561 /* Frameworks */,
				A8E604462A3165AE00E75561 /* Resources */,
			);
			buildRules = (
			);
			dependencies = (
				A8E6044A2A3165AE00E75561 /* PBXTargetDependency */,
			);
			name = LZStudyingProjectTests;
			productName = LZStudyingProjectTests;
			productReference = A8E604482A3165AE00E75561 /* LZStudyingProjectTests.xctest */;
			productType = "com.apple.product-type.bundle.unit-test";
		};
		A8E604512A3165AE00E75561 /* LZStudyingProjectUITests */ = {
			isa = PBXNativeTarget;
			buildConfigurationList = A8E604622A3165AE00E75561 /* Build configuration list for PBXNativeTarget "LZStudyingProjectUITests" */;
			buildPhases = (
				F45BBC7472B73493115DE17C /* [CP] Check Pods Manifest.lock */,
				A8E6044E2A3165AE00E75561 /* Sources */,
				A8E6044F2A3165AE00E75561 /* Frameworks */,
				A8E604502A3165AE00E75561 /* Resources */,
				76610F47AD57456A4A801926 /* [CP] Embed Pods Frameworks */,
			);
			buildRules = (
			);
			dependencies = (
				A8E604542A3165AE00E75561 /* PBXTargetDependency */,
			);
			name = LZStudyingProjectUITests;
			productName = LZStudyingProjectUITests;
			productReference = A8E604522A3165AE00E75561 /* LZStudyingProjectUITests.xctest */;
			productType = "com.apple.product-type.bundle.ui-testing";
		};
/* End PBXNativeTarget section */

/* Begin PBXProject section */
		A8E6042A2A3165A900E75561 /* Project object */ = {
			isa = PBXProject;
			attributes = {
				BuildIndependentTargetsInParallel = 1;
				LastSwiftUpdateCheck = 1430;
				LastUpgradeCheck = 1430;
				TargetAttributes = {
					A8E604312A3165A900E75561 = {
						CreatedOnToolsVersion = 14.3;
					};
					A8E604472A3165AE00E75561 = {
						CreatedOnToolsVersion = 14.3;
						TestTargetID = A8E604312A3165A900E75561;
					};
					A8E604512A3165AE00E75561 = {
						CreatedOnToolsVersion = 14.3;
						TestTargetID = A8E604312A3165A900E75561;
					};
				};
			};
			buildConfigurationList = A8E6042D2A3165A900E75561 /* Build configuration list for PBXProject "LZStudyingProject" */;
			compatibilityVersion = "Xcode 14.0";
			developmentRegion = en;
			hasScannedForEncodings = 0;
			knownRegions = (
				en,
				Base,
			);
			mainGroup = A8E604292A3165A900E75561;
			productRefGroup = A8E604332A3165A900E75561 /* Products */;
			projectDirPath = "";
			projectRoot = "";
			targets = (
				A8E604312A3165A900E75561 /* LZStudyingProject */,
				A8E604472A3165AE00E75561 /* LZStudyingProjectTests */,
				A8E604512A3165AE00E75561 /* LZStudyingProjectUITests */,
			);
		};
/* End PBXProject section */

/* Begin PBXResourcesBuildPhase section */
		A8E604302A3165A900E75561 /* Resources */ = {
			isa = PBXResourcesBuildPhase;
			buildActionMask = 2147483647;
			files = (
				A8E6043F2A3165AD00E75561 /* Assets.xcassets in Resources */,
				A87EB1492A3B0A84002D5B6C /* loginViewVideo.mov in Resources */,
			);
			runOnlyForDeploymentPostprocessing = 0;
		};
		A8E604462A3165AE00E75561 /* Resources */ = {
			isa = PBXResourcesBuildPhase;
			buildActionMask = 2147483647;
			files = (
			);
			runOnlyForDeploymentPostprocessing = 0;
		};
		A8E604502A3165AE00E75561 /* Resources */ = {
			isa = PBXResourcesBuildPhase;
			buildActionMask = 2147483647;
			files = (
			);
			runOnlyForDeploymentPostprocessing = 0;
		};
/* End PBXResourcesBuildPhase section */

/* Begin PBXShellScriptBuildPhase section */
		5293679B4C53C7ECD64140E9 /* [CP] Check Pods Manifest.lock */ = {
			isa = PBXShellScriptBuildPhase;
			buildActionMask = 2147483647;
			files = (
			);
			inputFileListPaths = (
			);
			inputPaths = (
				"${PODS_PODFILE_DIR_PATH}/Podfile.lock",
				"${PODS_ROOT}/Manifest.lock",
			);
			name = "[CP] Check Pods Manifest.lock";
			outputFileListPaths = (
			);
			outputPaths = (
				"$(DERIVED_FILE_DIR)/Pods-LZStudyingProject-checkManifestLockResult.txt",
			);
			runOnlyForDeploymentPostprocessing = 0;
			shellPath = /bin/sh;
			shellScript = "diff \"${PODS_PODFILE_DIR_PATH}/Podfile.lock\" \"${PODS_ROOT}/Manifest.lock\" > /dev/null\nif [ $? != 0 ] ; then\n    # print error to STDERR\n    echo \"error: The sandbox is not in sync with the Podfile.lock. Run 'pod install' or update your CocoaPods installation.\" >&2\n    exit 1\nfi\n# This output is used by Xcode 'outputs' to avoid re-running this script phase.\necho \"SUCCESS\" > \"${SCRIPT_OUTPUT_FILE_0}\"\n";
			showEnvVarsInLog = 0;
		};
		75616604282D91C9F4B5AB70 /* [CP] Check Pods Manifest.lock */ = {
			isa = PBXShellScriptBuildPhase;
			buildActionMask = 2147483647;
			files = (
			);
			inputFileListPaths = (
			);
			inputPaths = (
				"${PODS_PODFILE_DIR_PATH}/Podfile.lock",
				"${PODS_ROOT}/Manifest.lock",
			);
			name = "[CP] Check Pods Manifest.lock";
			outputFileListPaths = (
			);
			outputPaths = (
				"$(DERIVED_FILE_DIR)/Pods-LZStudyingProjectTests-checkManifestLockResult.txt",
			);
			runOnlyForDeploymentPostprocessing = 0;
			shellPath = /bin/sh;
			shellScript = "diff \"${PODS_PODFILE_DIR_PATH}/Podfile.lock\" \"${PODS_ROOT}/Manifest.lock\" > /dev/null\nif [ $? != 0 ] ; then\n    # print error to STDERR\n    echo \"error: The sandbox is not in sync with the Podfile.lock. Run 'pod install' or update your CocoaPods installation.\" >&2\n    exit 1\nfi\n# This output is used by Xcode 'outputs' to avoid re-running this script phase.\necho \"SUCCESS\" > \"${SCRIPT_OUTPUT_FILE_0}\"\n";
			showEnvVarsInLog = 0;
		};
		76610F47AD57456A4A801926 /* [CP] Embed Pods Frameworks */ = {
			isa = PBXShellScriptBuildPhase;
			buildActionMask = 2147483647;
			files = (
			);
			inputFileListPaths = (
				"${PODS_ROOT}/Target Support Files/Pods-LZStudyingProject-LZStudyingProjectUITests/Pods-LZStudyingProject-LZStudyingProjectUITests-frameworks-${CONFIGURATION}-input-files.xcfilelist",
			);
			name = "[CP] Embed Pods Frameworks";
			outputFileListPaths = (
				"${PODS_ROOT}/Target Support Files/Pods-LZStudyingProject-LZStudyingProjectUITests/Pods-LZStudyingProject-LZStudyingProjectUITests-frameworks-${CONFIGURATION}-output-files.xcfilelist",
			);
			runOnlyForDeploymentPostprocessing = 0;
			shellPath = /bin/sh;
			shellScript = "\"${PODS_ROOT}/Target Support Files/Pods-LZStudyingProject-LZStudyingProjectUITests/Pods-LZStudyingProject-LZStudyingProjectUITests-frameworks.sh\"\n";
			showEnvVarsInLog = 0;
		};
		D321764958A5804566973D4D /* [CP] Embed Pods Frameworks */ = {
			isa = PBXShellScriptBuildPhase;
			buildActionMask = 2147483647;
			files = (
			);
			inputFileListPaths = (
				"${PODS_ROOT}/Target Support Files/Pods-LZStudyingProject/Pods-LZStudyingProject-frameworks-${CONFIGURATION}-input-files.xcfilelist",
			);
			name = "[CP] Embed Pods Frameworks";
			outputFileListPaths = (
				"${PODS_ROOT}/Target Support Files/Pods-LZStudyingProject/Pods-LZStudyingProject-frameworks-${CONFIGURATION}-output-files.xcfilelist",
			);
			runOnlyForDeploymentPostprocessing = 0;
			shellPath = /bin/sh;
			shellScript = "\"${PODS_ROOT}/Target Support Files/Pods-LZStudyingProject/Pods-LZStudyingProject-frameworks.sh\"\n";
			showEnvVarsInLog = 0;
		};
		F45BBC7472B73493115DE17C /* [CP] Check Pods Manifest.lock */ = {
			isa = PBXShellScriptBuildPhase;
			buildActionMask = 2147483647;
			files = (
			);
			inputFileListPaths = (
			);
			inputPaths = (
				"${PODS_PODFILE_DIR_PATH}/Podfile.lock",
				"${PODS_ROOT}/Manifest.lock",
			);
			name = "[CP] Check Pods Manifest.lock";
			outputFileListPaths = (
			);
			outputPaths = (
				"$(DERIVED_FILE_DIR)/Pods-LZStudyingProject-LZStudyingProjectUITests-checkManifestLockResult.txt",
			);
			runOnlyForDeploymentPostprocessing = 0;
			shellPath = /bin/sh;
			shellScript = "diff \"${PODS_PODFILE_DIR_PATH}/Podfile.lock\" \"${PODS_ROOT}/Manifest.lock\" > /dev/null\nif [ $? != 0 ] ; then\n    # print error to STDERR\n    echo \"error: The sandbox is not in sync with the Podfile.lock. Run 'pod install' or update your CocoaPods installation.\" >&2\n    exit 1\nfi\n# This output is used by Xcode 'outputs' to avoid re-running this script phase.\necho \"SUCCESS\" > \"${SCRIPT_OUTPUT_FILE_0}\"\n";
			showEnvVarsInLog = 0;
		};
/* End PBXShellScriptBuildPhase section */

/* Begin PBXSourcesBuildPhase section */
		A8E6042E2A3165A900E75561 /* Sources */ = {
			isa = PBXSourcesBuildPhase;
			buildActionMask = 2147483647;
			files = (
				A87EB1412A3AEBDE002D5B6C /* ToastNotification.swift in Sources */,
				A8626EF22A404DCD0089A1EC /* LZMusicRequest.swift in Sources */,
				A87EB1292A3AEAA5002D5B6C /* LZLocationManager.swift in Sources */,
				A8C4E9002A3ADA83001A53D6 /* LZAddressEditingViewController.swift in Sources */,
				A87EB1362A3AEB08002D5B6C /* LZExpressRequest.swift in Sources */,
				A8C4E9392A3AE570001A53D6 /* LZAccountViewController.swift in Sources */,
				A8C4E8FF2A3ADA83001A53D6 /* LZComIntroContainerView.swift in Sources */,
				A8C4E8AA2A3AC240001A53D6 /* LZSettingSelectionViewController.swift in Sources */,
				A8626EEE2A3FFE1A0089A1EC /* Music.swift in Sources */,
				A8C4E8BE2A3AD331001A53D6 /* LZUser.swift in Sources */,
				A8C4E9332A3AE338001A53D6 /* LZUDKeys.swift in Sources */,
				A8C4E9372A3AE514001A53D6 /* TabViewController.swift in Sources */,
				A8C4E8AB2A3AC240001A53D6 /* LZSettingIconCell.swift in Sources */,
				A87EB1472A3AEDCD002D5B6C /* LZEventView.swift in Sources */,
				A8C4E8B52A3AC505001A53D6 /* LZResetPasswordViewController.swift in Sources */,
				A8C4E9062A3ADA83001A53D6 /* LZAddressManagementViewController.swift in Sources */,
				A8C4E8CB2A3AD679001A53D6 /* Player.swift in Sources */,
				A8C4E8FA2A3ADA83001A53D6 /* LZBillingViewController.swift in Sources */,
				A8C4E9092A3ADA83001A53D6 /* LZComImagesView.swift in Sources */,
				A8C4E9082A3ADA83001A53D6 /* LZBillVCView.swift in Sources */,
				A8C4E8C02A3AD389001A53D6 /* User.swift in Sources */,
				A8C4E8C92A3AD679001A53D6 /* Address.swift in Sources */,
				A87EB13A2A3AEB08002D5B6C /* LZGDAddressRequest.swift in Sources */,
				A8C4E90E2A3ADA83001A53D6 /* LZFlowLayout.swift in Sources */,
				A8C4E8F72A3ADA83001A53D6 /* LZQuantitySelectorView.swift in Sources */,
				A8C4E8FE2A3ADA83001A53D6 /* LZComBillingCell.swift in Sources */,
				A8C4E8B62A3AC505001A53D6 /* LZSignInViewController.swift in Sources */,
				A8C4E9012A3ADA83001A53D6 /* LZBillTableViewController.swift in Sources */,
				A87EB1452A3AECA8002D5B6C /* UIStandard.swift in Sources */,
				A8E604362A3165A900E75561 /* AppDelegate.swift in Sources */,
				A8C4E90A2A3ADA83001A53D6 /* LZCagCollectionViewLayout.swift in Sources */,
				A8C4E8D42A3AD7A3001A53D6 /* LZUserOrderTableView.swift in Sources */,
				A87EB13B2A3AEB08002D5B6C /* LZOrderRequest.swift in Sources */,
				A8C4E9022A3ADA83001A53D6 /* LZSelectionCollectionView.swift in Sources */,
				A8C4E8AE2A3AC240001A53D6 /* LZSettingInfoViewController.swift in Sources */,
				A8C4E9312A3AE2D2001A53D6 /* IntExtension.swift in Sources */,
				A8C4E9122A3ADD97001A53D6 /* LZSettingKeys.swift in Sources */,
				A8C4E92C2A3AE2D2001A53D6 /* UIViewExtension.swift in Sources */,
				A87EB13D2A3AEB08002D5B6C /* LZPlayerRequest.swift in Sources */,
				A8C4E92B2A3AE2D2001A53D6 /* DateFormatter.swift in Sources */,
				A8C4E8D32A3AD7A3001A53D6 /* LZUserOrdersViewController.swift in Sources */,
				A8C4E8AC2A3AC240001A53D6 /* LZSettingUserIconCell.swift in Sources */,
				A8C4E8A82A3AC240001A53D6 /* LZSettingTableViewCell.swift in Sources */,
				A8C4E92F2A3AE2D2001A53D6 /* DataExtension.swift in Sources */,
				A8C4E8DB2A3AD987001A53D6 /* CommodityState.swift in Sources */,
				A87EB1592A3B11C9002D5B6C /* ComPoint.swift in Sources */,
				A8C4E8D52A3AD7A3001A53D6 /* LZUserOrderCell.swift in Sources */,
				A8C4E8B32A3AC505001A53D6 /* LZSignUpViewController.swift in Sources */,
				A8626EF42A404E2B0089A1EC /* LZMusicCell.swift in Sources */,
				A8C4E8CA2A3AD679001A53D6 /* Option.swift in Sources */,
				A87EB1372A3AEB08002D5B6C /* LZCommodityRequest.swift in Sources */,
				A8C4E8AD2A3AC240001A53D6 /* LZSettingSelectionCell.swift in Sources */,
				A8C4E8DE2A3AD9C0001A53D6 /* LZBillingView.swift in Sources */,
				A8626EF02A4001350089A1EC /* AnimeInfo.swift in Sources */,
				A8C4E92E2A3AE2D2001A53D6 /* BundleExtension.swift in Sources */,
				A8C4E8CE2A3AD728001A53D6 /* Sex.swift in Sources */,
				A8C4E9042A3ADA83001A53D6 /* LZCommodityCell.swift in Sources */,
				A8C4E8CC2A3AD679001A53D6 /* Commodity.swift in Sources */,
				A87EB13C2A3AEB08002D5B6C /* LZNetWork.swift in Sources */,
				A8C4E8FD2A3ADA83001A53D6 /* LZAddressView.swift in Sources */,
				A8C4E8DC2A3AD987001A53D6 /* ComCag.swift in Sources */,
				A8C4E8C82A3AD679001A53D6 /* Order.swift in Sources */,
				A8E604382A3165A900E75561 /* SceneDelegate.swift in Sources */,
				A8C4E8F92A3ADA83001A53D6 /* LZComContentViewController.swift in Sources */,
				A8C4E90D2A3ADA83001A53D6 /* LZFilterView.swift in Sources */,
				A8C4E90C2A3ADA83001A53D6 /* LZDeliveryViewController.swift in Sources */,
				A8C4E8B42A3AC505001A53D6 /* LZSignInBtn.swift in Sources */,
				A8C4E9232A3ADFB3001A53D6 /* PayType.swift in Sources */,
				A8C4E9052A3ADA83001A53D6 /* LZPaymentView.swift in Sources */,
				A8C4E8FC2A3ADA83001A53D6 /* LZConfigSelectionViewController.swift in Sources */,
				A8C4E8A92A3AC240001A53D6 /* LZSettingViewController.swift in Sources */,
				A8C4E9302A3AE2D2001A53D6 /* DoubleExtension.swift in Sources */,
				A8C4E9212A3ADF10001A53D6 /* LZDataConvert.swift in Sources */,
				A8C4E8F82A3ADA83001A53D6 /* LZShoppingCollectionView.swift in Sources */,
				A8C4E9072A3ADA83001A53D6 /* LZCagSelectionCell.swift in Sources */,
				A8C4E8A02A3AC1E6001A53D6 /* LZSys.swift in Sources */,
				A8C4E9032A3ADA83001A53D6 /* LZOrderDetailViewController.swift in Sources */,
				A87EB1432A3AEC01002D5B6C /* LZMusicViewController.swift in Sources */,
				A8C4E90B2A3ADA83001A53D6 /* LZAddressCell.swift in Sources */,
				A8C4E8C72A3AD679001A53D6 /* Bill.swift in Sources */,
				A87EB1392A3AEB08002D5B6C /* LZAddressRequest.swift in Sources */,
				A8C4E8FB2A3ADA83001A53D6 /* LZShoppingViewController.swift in Sources */,
				A8C4E92D2A3AE2D2001A53D6 /* StringExtension.swift in Sources */,
			);
			runOnlyForDeploymentPostprocessing = 0;
		};
		A8E604442A3165AE00E75561 /* Sources */ = {
			isa = PBXSourcesBuildPhase;
			buildActionMask = 2147483647;
			files = (
				A8E6044D2A3165AE00E75561 /* LZStudyingProjectTests.swift in Sources */,
			);
			runOnlyForDeploymentPostprocessing = 0;
		};
		A8E6044E2A3165AE00E75561 /* Sources */ = {
			isa = PBXSourcesBuildPhase;
			buildActionMask = 2147483647;
			files = (
				A8E604572A3165AE00E75561 /* LZStudyingProjectUITests.swift in Sources */,
				A8E604592A3165AE00E75561 /* LZStudyingProjectUITestsLaunchTests.swift in Sources */,
			);
			runOnlyForDeploymentPostprocessing = 0;
		};
/* End PBXSourcesBuildPhase section */

/* Begin PBXTargetDependency section */
		A8E6044A2A3165AE00E75561 /* PBXTargetDependency */ = {
			isa = PBXTargetDependency;
			target = A8E604312A3165A900E75561 /* LZStudyingProject */;
			targetProxy = A8E604492A3165AE00E75561 /* PBXContainerItemProxy */;
		};
		A8E604542A3165AE00E75561 /* PBXTargetDependency */ = {
			isa = PBXTargetDependency;
			target = A8E604312A3165A900E75561 /* LZStudyingProject */;
			targetProxy = A8E604532A3165AE00E75561 /* PBXContainerItemProxy */;
		};
/* End PBXTargetDependency section */

/* Begin XCBuildConfiguration section */
		A8E6045A2A3165AE00E75561 /* Debug */ = {
			isa = XCBuildConfiguration;
			buildSettings = {
				ALWAYS_SEARCH_USER_PATHS = NO;
				CLANG_ANALYZER_NONNULL = YES;
				CLANG_ANALYZER_NUMBER_OBJECT_CONVERSION = YES_AGGRESSIVE;
				CLANG_CXX_LANGUAGE_STANDARD = "gnu++20";
				CLANG_ENABLE_MODULES = YES;
				CLANG_ENABLE_OBJC_ARC = YES;
				CLANG_ENABLE_OBJC_WEAK = YES;
				CLANG_WARN_BLOCK_CAPTURE_AUTORELEASING = YES;
				CLANG_WARN_BOOL_CONVERSION = YES;
				CLANG_WARN_COMMA = YES;
				CLANG_WARN_CONSTANT_CONVERSION = YES;
				CLANG_WARN_DEPRECATED_OBJC_IMPLEMENTATIONS = YES;
				CLANG_WARN_DIRECT_OBJC_ISA_USAGE = YES_ERROR;
				CLANG_WARN_DOCUMENTATION_COMMENTS = YES;
				CLANG_WARN_EMPTY_BODY = YES;
				CLANG_WARN_ENUM_CONVERSION = YES;
				CLANG_WARN_INFINITE_RECURSION = YES;
				CLANG_WARN_INT_CONVERSION = YES;
				CLANG_WARN_NON_LITERAL_NULL_CONVERSION = YES;
				CLANG_WARN_OBJC_IMPLICIT_RETAIN_SELF = YES;
				CLANG_WARN_OBJC_LITERAL_CONVERSION = YES;
				CLANG_WARN_OBJC_ROOT_CLASS = YES_ERROR;
				CLANG_WARN_QUOTED_INCLUDE_IN_FRAMEWORK_HEADER = YES;
				CLANG_WARN_RANGE_LOOP_ANALYSIS = YES;
				CLANG_WARN_STRICT_PROTOTYPES = YES;
				CLANG_WARN_SUSPICIOUS_MOVE = YES;
				CLANG_WARN_UNGUARDED_AVAILABILITY = YES_AGGRESSIVE;
				CLANG_WARN_UNREACHABLE_CODE = YES;
				CLANG_WARN__DUPLICATE_METHOD_MATCH = YES;
				COPY_PHASE_STRIP = NO;
				DEBUG_INFORMATION_FORMAT = dwarf;
				ENABLE_STRICT_OBJC_MSGSEND = YES;
				ENABLE_TESTABILITY = YES;
				GCC_C_LANGUAGE_STANDARD = gnu11;
				GCC_DYNAMIC_NO_PIC = NO;
				GCC_NO_COMMON_BLOCKS = YES;
				GCC_OPTIMIZATION_LEVEL = 0;
				GCC_PREPROCESSOR_DEFINITIONS = (
					"DEBUG=1",
					"$(inherited)",
				);
				GCC_WARN_64_TO_32_BIT_CONVERSION = YES;
				GCC_WARN_ABOUT_RETURN_TYPE = YES_ERROR;
				GCC_WARN_UNDECLARED_SELECTOR = YES;
				GCC_WARN_UNINITIALIZED_AUTOS = YES_AGGRESSIVE;
				GCC_WARN_UNUSED_FUNCTION = YES;
				GCC_WARN_UNUSED_VARIABLE = YES;
				IPHONEOS_DEPLOYMENT_TARGET = 16.4;
				MTL_ENABLE_DEBUG_INFO = INCLUDE_SOURCE;
				MTL_FAST_MATH = YES;
				ONLY_ACTIVE_ARCH = YES;
				SDKROOT = iphoneos;
				SWIFT_ACTIVE_COMPILATION_CONDITIONS = DEBUG;
				SWIFT_OPTIMIZATION_LEVEL = "-Onone";
			};
			name = Debug;
		};
		A8E6045B2A3165AE00E75561 /* Release */ = {
			isa = XCBuildConfiguration;
			buildSettings = {
				ALWAYS_SEARCH_USER_PATHS = NO;
				CLANG_ANALYZER_NONNULL = YES;
				CLANG_ANALYZER_NUMBER_OBJECT_CONVERSION = YES_AGGRESSIVE;
				CLANG_CXX_LANGUAGE_STANDARD = "gnu++20";
				CLANG_ENABLE_MODULES = YES;
				CLANG_ENABLE_OBJC_ARC = YES;
				CLANG_ENABLE_OBJC_WEAK = YES;
				CLANG_WARN_BLOCK_CAPTURE_AUTORELEASING = YES;
				CLANG_WARN_BOOL_CONVERSION = YES;
				CLANG_WARN_COMMA = YES;
				CLANG_WARN_CONSTANT_CONVERSION = YES;
				CLANG_WARN_DEPRECATED_OBJC_IMPLEMENTATIONS = YES;
				CLANG_WARN_DIRECT_OBJC_ISA_USAGE = YES_ERROR;
				CLANG_WARN_DOCUMENTATION_COMMENTS = YES;
				CLANG_WARN_EMPTY_BODY = YES;
				CLANG_WARN_ENUM_CONVERSION = YES;
				CLANG_WARN_INFINITE_RECURSION = YES;
				CLANG_WARN_INT_CONVERSION = YES;
				CLANG_WARN_NON_LITERAL_NULL_CONVERSION = YES;
				CLANG_WARN_OBJC_IMPLICIT_RETAIN_SELF = YES;
				CLANG_WARN_OBJC_LITERAL_CONVERSION = YES;
				CLANG_WARN_OBJC_ROOT_CLASS = YES_ERROR;
				CLANG_WARN_QUOTED_INCLUDE_IN_FRAMEWORK_HEADER = YES;
				CLANG_WARN_RANGE_LOOP_ANALYSIS = YES;
				CLANG_WARN_STRICT_PROTOTYPES = YES;
				CLANG_WARN_SUSPICIOUS_MOVE = YES;
				CLANG_WARN_UNGUARDED_AVAILABILITY = YES_AGGRESSIVE;
				CLANG_WARN_UNREACHABLE_CODE = YES;
				CLANG_WARN__DUPLICATE_METHOD_MATCH = YES;
				COPY_PHASE_STRIP = NO;
				DEBUG_INFORMATION_FORMAT = "dwarf-with-dsym";
				ENABLE_NS_ASSERTIONS = NO;
				ENABLE_STRICT_OBJC_MSGSEND = YES;
				GCC_C_LANGUAGE_STANDARD = gnu11;
				GCC_NO_COMMON_BLOCKS = YES;
				GCC_WARN_64_TO_32_BIT_CONVERSION = YES;
				GCC_WARN_ABOUT_RETURN_TYPE = YES_ERROR;
				GCC_WARN_UNDECLARED_SELECTOR = YES;
				GCC_WARN_UNINITIALIZED_AUTOS = YES_AGGRESSIVE;
				GCC_WARN_UNUSED_FUNCTION = YES;
				GCC_WARN_UNUSED_VARIABLE = YES;
				IPHONEOS_DEPLOYMENT_TARGET = 16.4;
				MTL_ENABLE_DEBUG_INFO = NO;
				MTL_FAST_MATH = YES;
				SDKROOT = iphoneos;
				SWIFT_COMPILATION_MODE = wholemodule;
				SWIFT_OPTIMIZATION_LEVEL = "-O";
				VALIDATE_PRODUCT = YES;
			};
			name = Release;
		};
		A8E6045D2A3165AE00E75561 /* Debug */ = {
			isa = XCBuildConfiguration;
			baseConfigurationReference = 8EAB5444C54C79BBC1890979 /* Pods-LZStudyingProject.debug.xcconfig */;
			buildSettings = {
				ASSETCATALOG_COMPILER_APPICON_NAME = AppIcon;
				ASSETCATALOG_COMPILER_GLOBAL_ACCENT_COLOR_NAME = AccentColor;
				CODE_SIGN_STYLE = Automatic;
				CURRENT_PROJECT_VERSION = 1;
				DEVELOPMENT_TEAM = N4NMV97NG4;
				GENERATE_INFOPLIST_FILE = YES;
				INFOPLIST_FILE = LZStudyingProject/Info.plist;
				INFOPLIST_KEY_UIApplicationSupportsIndirectInputEvents = YES;
				INFOPLIST_KEY_UILaunchStoryboardName = LaunchScreen;
				INFOPLIST_KEY_UISupportedInterfaceOrientations_iPad = "UIInterfaceOrientationPortrait UIInterfaceOrientationPortraitUpsideDown UIInterfaceOrientationLandscapeLeft UIInterfaceOrientationLandscapeRight";
				INFOPLIST_KEY_UISupportedInterfaceOrientations_iPhone = "UIInterfaceOrientationPortrait UIInterfaceOrientationLandscapeLeft UIInterfaceOrientationLandscapeRight";
				IPHONEOS_DEPLOYMENT_TARGET = 13.0;
				LD_RUNPATH_SEARCH_PATHS = (
					"$(inherited)",
					"@executable_path/Frameworks",
				);
				MARKETING_VERSION = 1.0;
				PRODUCT_BUNDLE_IDENTIFIER = JasonZhang.LZStudyingProject;
				PRODUCT_NAME = "$(TARGET_NAME)";
				SWIFT_EMIT_LOC_STRINGS = YES;
				SWIFT_VERSION = 5.0;
				TARGETED_DEVICE_FAMILY = "1,2";
			};
			name = Debug;
		};
		A8E6045E2A3165AE00E75561 /* Release */ = {
			isa = XCBuildConfiguration;
			baseConfigurationReference = 35B1BCC609FD39472F1C5A66 /* Pods-LZStudyingProject.release.xcconfig */;
			buildSettings = {
				ASSETCATALOG_COMPILER_APPICON_NAME = AppIcon;
				ASSETCATALOG_COMPILER_GLOBAL_ACCENT_COLOR_NAME = AccentColor;
				CODE_SIGN_STYLE = Automatic;
				CURRENT_PROJECT_VERSION = 1;
				DEVELOPMENT_TEAM = N4NMV97NG4;
				GENERATE_INFOPLIST_FILE = YES;
				INFOPLIST_FILE = LZStudyingProject/Info.plist;
				INFOPLIST_KEY_UIApplicationSupportsIndirectInputEvents = YES;
				INFOPLIST_KEY_UILaunchStoryboardName = LaunchScreen;
				INFOPLIST_KEY_UISupportedInterfaceOrientations_iPad = "UIInterfaceOrientationPortrait UIInterfaceOrientationPortraitUpsideDown UIInterfaceOrientationLandscapeLeft UIInterfaceOrientationLandscapeRight";
				INFOPLIST_KEY_UISupportedInterfaceOrientations_iPhone = "UIInterfaceOrientationPortrait UIInterfaceOrientationLandscapeLeft UIInterfaceOrientationLandscapeRight";
				IPHONEOS_DEPLOYMENT_TARGET = 13.0;
				LD_RUNPATH_SEARCH_PATHS = (
					"$(inherited)",
					"@executable_path/Frameworks",
				);
				MARKETING_VERSION = 1.0;
				PRODUCT_BUNDLE_IDENTIFIER = JasonZhang.LZStudyingProject;
				PRODUCT_NAME = "$(TARGET_NAME)";
				SWIFT_EMIT_LOC_STRINGS = YES;
				SWIFT_VERSION = 5.0;
				TARGETED_DEVICE_FAMILY = "1,2";
			};
			name = Release;
		};
		A8E604602A3165AE00E75561 /* Debug */ = {
			isa = XCBuildConfiguration;
			baseConfigurationReference = 448E674A3E2D9362614FFFC1 /* Pods-LZStudyingProjectTests.debug.xcconfig */;
			buildSettings = {
				ALWAYS_EMBED_SWIFT_STANDARD_LIBRARIES = YES;
				BUNDLE_LOADER = "$(TEST_HOST)";
				CODE_SIGN_STYLE = Automatic;
				CURRENT_PROJECT_VERSION = 1;
				DEVELOPMENT_TEAM = N4NMV97NG4;
				GENERATE_INFOPLIST_FILE = YES;
				IPHONEOS_DEPLOYMENT_TARGET = 16.4;
				MARKETING_VERSION = 1.0;
				PRODUCT_BUNDLE_IDENTIFIER = JasonZhang.LZStudyingProjectTests;
				PRODUCT_NAME = "$(TARGET_NAME)";
				SWIFT_EMIT_LOC_STRINGS = NO;
				SWIFT_VERSION = 5.0;
				TARGETED_DEVICE_FAMILY = "1,2";
				TEST_HOST = "$(BUILT_PRODUCTS_DIR)/LZStudyingProject.app/$(BUNDLE_EXECUTABLE_FOLDER_PATH)/LZStudyingProject";
			};
			name = Debug;
		};
		A8E604612A3165AE00E75561 /* Release */ = {
			isa = XCBuildConfiguration;
			baseConfigurationReference = 2DD2F6C5D5B2D238E1B6D66A /* Pods-LZStudyingProjectTests.release.xcconfig */;
			buildSettings = {
				ALWAYS_EMBED_SWIFT_STANDARD_LIBRARIES = YES;
				BUNDLE_LOADER = "$(TEST_HOST)";
				CODE_SIGN_STYLE = Automatic;
				CURRENT_PROJECT_VERSION = 1;
				DEVELOPMENT_TEAM = N4NMV97NG4;
				GENERATE_INFOPLIST_FILE = YES;
				IPHONEOS_DEPLOYMENT_TARGET = 16.4;
				MARKETING_VERSION = 1.0;
				PRODUCT_BUNDLE_IDENTIFIER = JasonZhang.LZStudyingProjectTests;
				PRODUCT_NAME = "$(TARGET_NAME)";
				SWIFT_EMIT_LOC_STRINGS = NO;
				SWIFT_VERSION = 5.0;
				TARGETED_DEVICE_FAMILY = "1,2";
				TEST_HOST = "$(BUILT_PRODUCTS_DIR)/LZStudyingProject.app/$(BUNDLE_EXECUTABLE_FOLDER_PATH)/LZStudyingProject";
			};
			name = Release;
		};
		A8E604632A3165AE00E75561 /* Debug */ = {
			isa = XCBuildConfiguration;
			baseConfigurationReference = D32CB2CFE1930DF82C4D741A /* Pods-LZStudyingProject-LZStudyingProjectUITests.debug.xcconfig */;
			buildSettings = {
				ALWAYS_EMBED_SWIFT_STANDARD_LIBRARIES = YES;
				CODE_SIGN_STYLE = Automatic;
				CURRENT_PROJECT_VERSION = 1;
				DEVELOPMENT_TEAM = N4NMV97NG4;
				GENERATE_INFOPLIST_FILE = YES;
				MARKETING_VERSION = 1.0;
				PRODUCT_BUNDLE_IDENTIFIER = JasonZhang.LZStudyingProjectUITests;
				PRODUCT_NAME = "$(TARGET_NAME)";
				SWIFT_EMIT_LOC_STRINGS = NO;
				SWIFT_VERSION = 5.0;
				TARGETED_DEVICE_FAMILY = "1,2";
				TEST_TARGET_NAME = LZStudyingProject;
			};
			name = Debug;
		};
		A8E604642A3165AE00E75561 /* Release */ = {
			isa = XCBuildConfiguration;
			baseConfigurationReference = 9B0E47578C1B92BBBEBC6CEA /* Pods-LZStudyingProject-LZStudyingProjectUITests.release.xcconfig */;
			buildSettings = {
				ALWAYS_EMBED_SWIFT_STANDARD_LIBRARIES = YES;
				CODE_SIGN_STYLE = Automatic;
				CURRENT_PROJECT_VERSION = 1;
				DEVELOPMENT_TEAM = N4NMV97NG4;
				GENERATE_INFOPLIST_FILE = YES;
				MARKETING_VERSION = 1.0;
				PRODUCT_BUNDLE_IDENTIFIER = JasonZhang.LZStudyingProjectUITests;
				PRODUCT_NAME = "$(TARGET_NAME)";
				SWIFT_EMIT_LOC_STRINGS = NO;
				SWIFT_VERSION = 5.0;
				TARGETED_DEVICE_FAMILY = "1,2";
				TEST_TARGET_NAME = LZStudyingProject;
			};
			name = Release;
		};
/* End XCBuildConfiguration section */

/* Begin XCConfigurationList section */
		A8E6042D2A3165A900E75561 /* Build configuration list for PBXProject "LZStudyingProject" */ = {
			isa = XCConfigurationList;
			buildConfigurations = (
				A8E6045A2A3165AE00E75561 /* Debug */,
				A8E6045B2A3165AE00E75561 /* Release */,
			);
			defaultConfigurationIsVisible = 0;
			defaultConfigurationName = Release;
		};
		A8E6045C2A3165AE00E75561 /* Build configuration list for PBXNativeTarget "LZStudyingProject" */ = {
			isa = XCConfigurationList;
			buildConfigurations = (
				A8E6045D2A3165AE00E75561 /* Debug */,
				A8E6045E2A3165AE00E75561 /* Release */,
			);
			defaultConfigurationIsVisible = 0;
			defaultConfigurationName = Release;
		};
		A8E6045F2A3165AE00E75561 /* Build configuration list for PBXNativeTarget "LZStudyingProjectTests" */ = {
			isa = XCConfigurationList;
			buildConfigurations = (
				A8E604602A3165AE00E75561 /* Debug */,
				A8E604612A3165AE00E75561 /* Release */,
			);
			defaultConfigurationIsVisible = 0;
			defaultConfigurationName = Release;
		};
		A8E604622A3165AE00E75561 /* Build configuration list for PBXNativeTarget "LZStudyingProjectUITests" */ = {
			isa = XCConfigurationList;
			buildConfigurations = (
				A8E604632A3165AE00E75561 /* Debug */,
				A8E604642A3165AE00E75561 /* Release */,
			);
			defaultConfigurationIsVisible = 0;
			defaultConfigurationName = Release;
		};
/* End XCConfigurationList section */
	};
	rootObject = A8E6042A2A3165A900E75561 /* Project object */;
}
